
Microsoft Visual Studio Solution File, Format Version 12.00
# Visual Studio 15
VisualStudioVersion = 15.0.27130.2036
MinimumVisualStudioVersion = 10.0.40219.1
Project("{FAE04EC0-301F-11D3-BF4B-00C04F79EFBC}") = "Lab4Client", "Lab4Client\Lab4Client.csproj", "{2509F5C4-B1D6-4E4C-8F34-179726EE8C43}"
EndProject
Project("{FAE04EC0-301F-11D3-BF4B-00C04F79EFBC}") = "Lab4GraphicalClient", "Lab4GraphicalClient\Lab4GraphicalClient.csproj", "{78CD1422-8CB6-45BB-9400-2ABF99988467}"
EndProject
Global
	GlobalSection(SolutionConfigurationPlatforms) = preSolution
		Debug|Any CPU = Debug|Any CPU
		Release|Any CPU = Release|Any CPU
	EndGlobalSection
	GlobalSection(ProjectConfigurationPlatforms) = postSolution
		{2509F5C4-B1D6-4E4C-8F34-179726EE8C43}.Debug|Any CPU.ActiveCfg = Debug|Any CPU
		{2509F5C4-B1D6-4E4C-8F34-179726EE8C43}.Debug|Any CPU.Build.0 = Debug|Any CPU
		{2509F5C4-B1D6-4E4C-8F34-179726EE8C43}.Release|Any CPU.ActiveCfg = Release|Any CPU
		{2509F5C4-B1D6-4E4C-8F34-179726EE8C43}.Release|Any CPU.Build.0 = Release|Any CPU
		{78CD1422-8CB6-45BB-9400-2ABF99988467}.Debug|Any CPU.ActiveCfg = Debug|Any CPU
		{78CD1422-8CB6-45BB-9400-2ABF99988467}.Debug|Any CPU.Build.0 = Debug|Any CPU
		{78CD1422-8CB6-45BB-9400-2ABF99988467}.Release|Any CPU.ActiveCfg = Release|Any CPU
		{78CD1422-8CB6-45BB-9400-2ABF99988467}.Release|Any CPU.Build.0 = Release|Any CPU
	EndGlobalSection
	GlobalSection(SolutionProperties) = preSolution
		HideSolutionNode = FALSE
	EndGlobalSection
	GlobalSection(ExtensibilityGlobals) = postSolution
		SolutionGuid = {7461B40C-6CA2-4ED6-B953-A1B07B2AE245}
	EndGlobalSection
EndGlobal
