
Microsoft Visual Studio Solution File, Format Version 12.00
# Visual Studio 15
VisualStudioVersion = 15.0.27130.2036
MinimumVisualStudioVersion = 10.0.40219.1
Project("{FAE04EC0-301F-11D3-BF4B-00C04F79EFBC}") = "LAB4Service", "LAB4Service\LAB4Service.csproj", "{3BAB4DCF-07FD-468E-8386-1B1E381C654F}"
EndProject
Project("{FAE04EC0-301F-11D3-BF4B-00C04F79EFBC}") = "Lab4Host", "Lab4Host\Lab4Host.csproj", "{8056327A-8B90-47B5-A5E5-068585F03238}"
EndProject
Global
	GlobalSection(SolutionConfigurationPlatforms) = preSolution
		Debug|Any CPU = Debug|Any CPU
		Release|Any CPU = Release|Any CPU
	EndGlobalSection
	GlobalSection(ProjectConfigurationPlatforms) = postSolution
		{3BAB4DCF-07FD-468E-8386-1B1E381C654F}.Debug|Any CPU.ActiveCfg = Debug|Any CPU
		{3BAB4DCF-07FD-468E-8386-1B1E381C654F}.Debug|Any CPU.Build.0 = Debug|Any CPU
		{3BAB4DCF-07FD-468E-8386-1B1E381C654F}.Release|Any CPU.ActiveCfg = Release|Any CPU
		{3BAB4DCF-07FD-468E-8386-1B1E381C654F}.Release|Any CPU.Build.0 = Release|Any CPU
		{8056327A-8B90-47B5-A5E5-068585F03238}.Debug|Any CPU.ActiveCfg = Debug|Any CPU
		{8056327A-8B90-47B5-A5E5-068585F03238}.Debug|Any CPU.Build.0 = Debug|Any CPU
		{8056327A-8B90-47B5-A5E5-068585F03238}.Release|Any CPU.ActiveCfg = Release|Any CPU
		{8056327A-8B90-47B5-A5E5-068585F03238}.Release|Any CPU.Build.0 = Release|Any CPU
	EndGlobalSection
	GlobalSection(SolutionProperties) = preSolution
		HideSolutionNode = FALSE
	EndGlobalSection
	GlobalSection(ExtensibilityGlobals) = postSolution
		SolutionGuid = {6C8E9844-0414-45B1-96C9-ACE76B4C3FCA}
	EndGlobalSection
EndGlobal
